
Microsoft Visual Studio Solution File, Format Version 12.00
# Visual Studio 15
VisualStudioVersion = 15.0.27428.2015
MinimumVisualStudioVersion = 10.0.40219.1
Project("{2150E333-8FDC-42A3-9474-1A3956D46DE8}") = "Solution Items", "Solution Items", "{EA88A651-7DC6-415E-9BD6-A8423B785489}"
	ProjectSection(SolutionItems) = preProject
		Class1.vb = Class1.vb
	EndProjectSection
EndProject
Global
	GlobalSection(SolutionProperties) = preSolution
		HideSolutionNode = FALSE
	EndGlobalSection
	GlobalSection(ExtensibilityGlobals) = postSolution
		SolutionGuid = {7DCA2D8B-F1BA-47E8-93BD-5F344013167F}
	EndGlobalSection
EndGlobal
